
Microsoft Visual Studio Solution File, Format Version 12.00
# Visual Studio Version 16
VisualStudioVersion = 16.0.30611.23
MinimumVisualStudioVersion = 10.0.40219.1
Project("{9A19103F-16F7-4668-BE54-9A1E7A4F7556}") = "FinalDemo", "FinalDemo\FinalDemo.csproj", "{9C6A9BB8-427E-475D-A2ED-7532B6F5F58F}"
EndProject
Project("{FAE04EC0-301F-11D3-BF4B-00C04F79EFBC}") = "FinalDemo.Tests", "FinalDemo.Tests\FinalDemo.Tests.csproj", "{D93EFB7C-A5F4-4112-8D34-ECC55CA1EAA4}"
EndProject
Project("{FAE04EC0-301F-11D3-BF4B-00C04F79EFBC}") = "FinalDemoUI", "FinalDemoUI\FinalDemoUI.csproj", "{F27850B5-A662-4BCF-87A0-69C6BD6A3355}"
EndProject
Global
	GlobalSection(SolutionConfigurationPlatforms) = preSolution
		Debug|Any CPU = Debug|Any CPU
		Release|Any CPU = Release|Any CPU
	EndGlobalSection
	GlobalSection(ProjectConfigurationPlatforms) = postSolution
		{9C6A9BB8-427E-475D-A2ED-7532B6F5F58F}.Debug|Any CPU.ActiveCfg = Debug|Any CPU
		{9C6A9BB8-427E-475D-A2ED-7532B6F5F58F}.Debug|Any CPU.Build.0 = Debug|Any CPU
		{9C6A9BB8-427E-475D-A2ED-7532B6F5F58F}.Release|Any CPU.ActiveCfg = Release|Any CPU
		{9C6A9BB8-427E-475D-A2ED-7532B6F5F58F}.Release|Any CPU.Build.0 = Release|Any CPU
		{D93EFB7C-A5F4-4112-8D34-ECC55CA1EAA4}.Debug|Any CPU.ActiveCfg = Debug|Any CPU
		{D93EFB7C-A5F4-4112-8D34-ECC55CA1EAA4}.Debug|Any CPU.Build.0 = Debug|Any CPU
		{D93EFB7C-A5F4-4112-8D34-ECC55CA1EAA4}.Release|Any CPU.ActiveCfg = Release|Any CPU
		{D93EFB7C-A5F4-4112-8D34-ECC55CA1EAA4}.Release|Any CPU.Build.0 = Release|Any CPU
		{F27850B5-A662-4BCF-87A0-69C6BD6A3355}.Debug|Any CPU.ActiveCfg = Debug|Any CPU
		{F27850B5-A662-4BCF-87A0-69C6BD6A3355}.Debug|Any CPU.Build.0 = Debug|Any CPU
		{F27850B5-A662-4BCF-87A0-69C6BD6A3355}.Release|Any CPU.ActiveCfg = Release|Any CPU
		{F27850B5-A662-4BCF-87A0-69C6BD6A3355}.Release|Any CPU.Build.0 = Release|Any CPU
	EndGlobalSection
	GlobalSection(SolutionProperties) = preSolution
		HideSolutionNode = FALSE
	EndGlobalSection
	GlobalSection(ExtensibilityGlobals) = postSolution
		SolutionGuid = {017A3264-7DB8-45D0-B9F4-011900441975}
	EndGlobalSection
EndGlobal
